// !$*UTF8*$!
{
	archiveVersion = 1;
	classes = {
	};
	objectVersion = 46;
	objects = {

/* Begin PBXBuildFile section */
		B3468919192B8BDB006602CD /* Foundation.framework in Frameworks */ = {isa = PBXBuildFile; fileRef = B3468918192B8BDB006602CD /* Foundation.framework */; };
		B346891B192B8BDB006602CD /* CoreGraphics.framework in Frameworks */ = {isa = PBXBuildFile; fileRef = B346891A192B8BDB006602CD /* CoreGraphics.framework */; };
		B346891D192B8BDB006602CD /* UIKit.framework in Frameworks */ = {isa = PBXBuildFile; fileRef = B346891C192B8BDB006602CD /* UIKit.framework */; };
		B3468923192B8BDB006602CD /* InfoPlist.strings in Resources */ = {isa = PBXBuildFile; fileRef = B3468921192B8BDB006602CD /* InfoPlist.strings */; };
		B3468925192B8BDB006602CD /* main.m in Sources */ = {isa = PBXBuildFile; fileRef = B3468924192B8BDB006602CD /* main.m */; };
		B3468929192B8BDB006602CD /* AppDelegate.m in Sources */ = {isa = PBXBuildFile; fileRef = B3468928192B8BDB006602CD /* AppDelegate.m */; };
		B346892B192B8BDB006602CD /* Images.xcassets in Resources */ = {isa = PBXBuildFile; fileRef = B346892A192B8BDB006602CD /* Images.xcassets */; };
		B3468932192B8BDB006602CD /* XCTest.framework in Frameworks */ = {isa = PBXBuildFile; fileRef = B3468931192B8BDB006602CD /* XCTest.framework */; };
		B3468933192B8BDB006602CD /* Foundation.framework in Frameworks */ = {isa = PBXBuildFile; fileRef = B3468918192B8BDB006602CD /* Foundation.framework */; };
		B3468934192B8BDB006602CD /* UIKit.framework in Frameworks */ = {isa = PBXBuildFile; fileRef = B346891C192B8BDB006602CD /* UIKit.framework */; };
		B346893C192B8BDB006602CD /* InfoPlist.strings in Resources */ = {isa = PBXBuildFile; fileRef = B346893A192B8BDB006602CD /* InfoPlist.strings */; };
		B346893E192B8BDB006602CD /* RooferEstimatorTests.m in Sources */ = {isa = PBXBuildFile; fileRef = B346893D192B8BDB006602CD /* RooferEstimatorTests.m */; };
		B346894E192B8C95006602CD /* TableViewController.m in Sources */ = {isa = PBXBuildFile; fileRef = B346894D192B8C95006602CD /* TableViewController.m */; };
		B3468951192B8D69006602CD /* AddingController.m in Sources */ = {isa = PBXBuildFile; fileRef = B3468950192B8D69006602CD /* AddingController.m */; };
		B3468954192B8DF4006602CD /* RoofScopeController.m in Sources */ = {isa = PBXBuildFile; fileRef = B3468953192B8DF4006602CD /* RoofScopeController.m */; };
		B3468957192B8EC0006602CD /* SquareFootageController.m in Sources */ = {isa = PBXBuildFile; fileRef = B3468956192B8EC0006602CD /* SquareFootageController.m */; };
		B346895A192B8F97006602CD /* RoofEstimate.m in Sources */ = {isa = PBXBuildFile; fileRef = B3468959192B8F97006602CD /* RoofEstimate.m */; };
		B346895D192B901F006602CD /* RoofMeasurement.m in Sources */ = {isa = PBXBuildFile; fileRef = B346895C192B901F006602CD /* RoofMeasurement.m */; };
		B3468960192B907D006602CD /* AddingScrollView.m in Sources */ = {isa = PBXBuildFile; fileRef = B346895F192B907D006602CD /* AddingScrollView.m */; };
		B3468963192B910D006602CD /* CustomerCell.m in Sources */ = {isa = PBXBuildFile; fileRef = B3468962192B910D006602CD /* CustomerCell.m */; };
		B3468966192B9165006602CD /* RoofDetailScrollView.m in Sources */ = {isa = PBXBuildFile; fileRef = B3468965192B9165006602CD /* RoofDetailScrollView.m */; };
		B346896A192B9339006602CD /* XMLFileOps.m in Sources */ = {isa = PBXBuildFile; fileRef = B3468969192B9339006602CD /* XMLFileOps.m */; };
		B346896D192B934E006602CD /* XMLReader.m in Sources */ = {isa = PBXBuildFile; fileRef = B346896C192B934E006602CD /* XMLReader.m */; };
		B3468972192B93A5006602CD /* XMLWriter.m in Sources */ = {isa = PBXBuildFile; fileRef = B3468971192B93A5006602CD /* XMLWriter.m */; settings = {COMPILER_FLAGS = "-fno-objc-arc"; }; };
		C80FE2BC192D3EC700121EB0 /* Main.storyboard in Resources */ = {isa = PBXBuildFile; fileRef = C80FE2BB192D3EC700121EB0 /* Main.storyboard */; };
/* End PBXBuildFile section */

/* Begin PBXContainerItemProxy section */
		B3468935192B8BDB006602CD /* PBXContainerItemProxy */ = {
			isa = PBXContainerItemProxy;
			containerPortal = B346890D192B8BDB006602CD /* Project object */;
			proxyType = 1;
			remoteGlobalIDString = B3468914192B8BDB006602CD;
			remoteInfo = RooferEstimator;
		};
/* End PBXContainerItemProxy section */

/* Begin PBXFileReference section */
		B3468915192B8BDB006602CD /* RooferEstimator.app */ = {isa = PBXFileReference; explicitFileType = wrapper.application; includeInIndex = 0; path = RooferEstimator.app; sourceTree = BUILT_PRODUCTS_DIR; };
		B3468918192B8BDB006602CD /* Foundation.framework */ = {isa = PBXFileReference; lastKnownFileType = wrapper.framework; name = Foundation.framework; path = System/Library/Frameworks/Foundation.framework; sourceTree = SDKROOT; };
		B346891A192B8BDB006602CD /* CoreGraphics.framework */ = {isa = PBXFileReference; lastKnownFileType = wrapper.framework; name = CoreGraphics.framework; path = System/Library/Frameworks/CoreGraphics.framework; sourceTree = SDKROOT; };
		B346891C192B8BDB006602CD /* UIKit.framework */ = {isa = PBXFileReference; lastKnownFileType = wrapper.framework; name = UIKit.framework; path = System/Library/Frameworks/UIKit.framework; sourceTree = SDKROOT; };
		B3468920192B8BDB006602CD /* RooferEstimator-Info.plist */ = {isa = PBXFileReference; lastKnownFileType = text.plist.xml; path = "RooferEstimator-Info.plist"; sourceTree = "<group>"; };
		B3468922192B8BDB006602CD /* en */ = {isa = PBXFileReference; lastKnownFileType = text.plist.strings; name = en; path = en.lproj/InfoPlist.strings; sourceTree = "<group>"; };
		B3468924192B8BDB006602CD /* main.m */ = {isa = PBXFileReference; lastKnownFileType = sourcecode.c.objc; path = main.m; sourceTree = "<group>"; };
		B3468926192B8BDB006602CD /* RooferEstimator-Prefix.pch */ = {isa = PBXFileReference; lastKnownFileType = sourcecode.c.h; path = "RooferEstimator-Prefix.pch"; sourceTree = "<group>"; };
		B3468927192B8BDB006602CD /* AppDelegate.h */ = {isa = PBXFileReference; lastKnownFileType = sourcecode.c.h; path = AppDelegate.h; sourceTree = "<group>"; };
		B3468928192B8BDB006602CD /* AppDelegate.m */ = {isa = PBXFileReference; lastKnownFileType = sourcecode.c.objc; path = AppDelegate.m; sourceTree = "<group>"; };
		B346892A192B8BDB006602CD /* Images.xcassets */ = {isa = PBXFileReference; lastKnownFileType = folder.assetcatalog; path = Images.xcassets; sourceTree = "<group>"; };
		B3468930192B8BDB006602CD /* RooferEstimatorTests.xctest */ = {isa = PBXFileReference; explicitFileType = wrapper.cfbundle; includeInIndex = 0; path = RooferEstimatorTests.xctest; sourceTree = BUILT_PRODUCTS_DIR; };
		B3468931192B8BDB006602CD /* XCTest.framework */ = {isa = PBXFileReference; lastKnownFileType = wrapper.framework; name = XCTest.framework; path = Library/Frameworks/XCTest.framework; sourceTree = DEVELOPER_DIR; };
		B3468939192B8BDB006602CD /* RooferEstimatorTests-Info.plist */ = {isa = PBXFileReference; lastKnownFileType = text.plist.xml; path = "RooferEstimatorTests-Info.plist"; sourceTree = "<group>"; };
		B346893B192B8BDB006602CD /* en */ = {isa = PBXFileReference; lastKnownFileType = text.plist.strings; name = en; path = en.lproj/InfoPlist.strings; sourceTree = "<group>"; };
		B346893D192B8BDB006602CD /* RooferEstimatorTests.m */ = {isa = PBXFileReference; lastKnownFileType = sourcecode.c.objc; path = RooferEstimatorTests.m; sourceTree = "<group>"; };
		B346894C192B8C95006602CD /* TableViewController.h */ = {isa = PBXFileReference; fileEncoding = 4; lastKnownFileType = sourcecode.c.h; path = TableViewController.h; sourceTree = "<group>"; };
		B346894D192B8C95006602CD /* TableViewController.m */ = {isa = PBXFileReference; fileEncoding = 4; lastKnownFileType = sourcecode.c.objc; path = TableViewController.m; sourceTree = "<group>"; };
		B346894F192B8D69006602CD /* AddingController.h */ = {isa = PBXFileReference; fileEncoding = 4; lastKnownFileType = sourcecode.c.h; path = AddingController.h; sourceTree = "<group>"; };
		B3468950192B8D69006602CD /* AddingController.m */ = {isa = PBXFileReference; fileEncoding = 4; lastKnownFileType = sourcecode.c.objc; path = AddingController.m; sourceTree = "<group>"; };
		B3468952192B8DF4006602CD /* RoofScopeController.h */ = {isa = PBXFileReference; fileEncoding = 4; lastKnownFileType = sourcecode.c.h; path = RoofScopeController.h; sourceTree = "<group>"; };
		B3468953192B8DF4006602CD /* RoofScopeController.m */ = {isa = PBXFileReference; fileEncoding = 4; lastKnownFileType = sourcecode.c.objc; path = RoofScopeController.m; sourceTree = "<group>"; };
		B3468955192B8EC0006602CD /* SquareFootageController.h */ = {isa = PBXFileReference; fileEncoding = 4; lastKnownFileType = sourcecode.c.h; path = SquareFootageController.h; sourceTree = "<group>"; };
		B3468956192B8EC0006602CD /* SquareFootageController.m */ = {isa = PBXFileReference; fileEncoding = 4; lastKnownFileType = sourcecode.c.objc; path = SquareFootageController.m; sourceTree = "<group>"; };
		B3468958192B8F97006602CD /* RoofEstimate.h */ = {isa = PBXFileReference; fileEncoding = 4; lastKnownFileType = sourcecode.c.h; path = RoofEstimate.h; sourceTree = "<group>"; };
		B3468959192B8F97006602CD /* RoofEstimate.m */ = {isa = PBXFileReference; fileEncoding = 4; lastKnownFileType = sourcecode.c.objc; path = RoofEstimate.m; sourceTree = "<group>"; };
		B346895B192B901F006602CD /* RoofMeasurement.h */ = {isa = PBXFileReference; fileEncoding = 4; lastKnownFileType = sourcecode.c.h; path = RoofMeasurement.h; sourceTree = "<group>"; };
		B346895C192B901F006602CD /* RoofMeasurement.m */ = {isa = PBXFileReference; fileEncoding = 4; lastKnownFileType = sourcecode.c.objc; path = RoofMeasurement.m; sourceTree = "<group>"; };
		B346895E192B907D006602CD /* AddingScrollView.h */ = {isa = PBXFileReference; fileEncoding = 4; lastKnownFileType = sourcecode.c.h; path = AddingScrollView.h; sourceTree = "<group>"; };
		B346895F192B907D006602CD /* AddingScrollView.m */ = {isa = PBXFileReference; fileEncoding = 4; lastKnownFileType = sourcecode.c.objc; path = AddingScrollView.m; sourceTree = "<group>"; };
		B3468961192B910D006602CD /* CustomerCell.h */ = {isa = PBXFileReference; fileEncoding = 4; lastKnownFileType = sourcecode.c.h; path = CustomerCell.h; sourceTree = "<group>"; };
		B3468962192B910D006602CD /* CustomerCell.m */ = {isa = PBXFileReference; fileEncoding = 4; lastKnownFileType = sourcecode.c.objc; path = CustomerCell.m; sourceTree = "<group>"; };
		B3468964192B9165006602CD /* RoofDetailScrollView.h */ = {isa = PBXFileReference; fileEncoding = 4; lastKnownFileType = sourcecode.c.h; path = RoofDetailScrollView.h; sourceTree = "<group>"; };
		B3468965192B9165006602CD /* RoofDetailScrollView.m */ = {isa = PBXFileReference; fileEncoding = 4; lastKnownFileType = sourcecode.c.objc; path = RoofDetailScrollView.m; sourceTree = "<group>"; };
		B3468968192B9339006602CD /* XMLFileOps.h */ = {isa = PBXFileReference; fileEncoding = 4; lastKnownFileType = sourcecode.c.h; path = XMLFileOps.h; sourceTree = "<group>"; };
		B3468969192B9339006602CD /* XMLFileOps.m */ = {isa = PBXFileReference; fileEncoding = 4; lastKnownFileType = sourcecode.c.objc; path = XMLFileOps.m; sourceTree = "<group>"; };
		B346896B192B934E006602CD /* XMLReader.h */ = {isa = PBXFileReference; fileEncoding = 4; lastKnownFileType = sourcecode.c.h; path = XMLReader.h; sourceTree = "<group>"; };
		B346896C192B934E006602CD /* XMLReader.m */ = {isa = PBXFileReference; fileEncoding = 4; lastKnownFileType = sourcecode.c.objc; path = XMLReader.m; sourceTree = "<group>"; };
		B346896E192B9369006602CD /* XMLSerializable.h */ = {isa = PBXFileReference; lastKnownFileType = sourcecode.c.h; path = XMLSerializable.h; sourceTree = "<group>"; };
		B346896F192B938C006602CD /* XMLStreamWriter.h */ = {isa = PBXFileReference; lastKnownFileType = sourcecode.c.h; path = XMLStreamWriter.h; sourceTree = "<group>"; };
		B3468970192B93A5006602CD /* XMLWriter.h */ = {isa = PBXFileReference; fileEncoding = 4; lastKnownFileType = sourcecode.c.h; path = XMLWriter.h; sourceTree = "<group>"; };
		B3468971192B93A5006602CD /* XMLWriter.m */ = {isa = PBXFileReference; fileEncoding = 4; lastKnownFileType = sourcecode.c.objc; path = XMLWriter.m; sourceTree = "<group>"; };
		C80FE2BB192D3EC700121EB0 /* Main.storyboard */ = {isa = PBXFileReference; fileEncoding = 4; lastKnownFileType = file.storyboard; path = Main.storyboard; sourceTree = "<group>"; };
/* End PBXFileReference section */

/* Begin PBXFrameworksBuildPhase section */
		B3468912192B8BDB006602CD /* Frameworks */ = {
			isa = PBXFrameworksBuildPhase;
			buildActionMask = 2147483647;
			files = (
				B346891B192B8BDB006602CD /* CoreGraphics.framework in Frameworks */,
				B346891D192B8BDB006602CD /* UIKit.framework in Frameworks */,
				B3468919192B8BDB006602CD /* Foundation.framework in Frameworks */,
			);
			runOnlyForDeploymentPostprocessing = 0;
		};
		B346892D192B8BDB006602CD /* Frameworks */ = {
			isa = PBXFrameworksBuildPhase;
			buildActionMask = 2147483647;
			files = (
				B3468932192B8BDB006602CD /* XCTest.framework in Frameworks */,
				B3468934192B8BDB006602CD /* UIKit.framework in Frameworks */,
				B3468933192B8BDB006602CD /* Foundation.framework in Frameworks */,
			);
			runOnlyForDeploymentPostprocessing = 0;
		};
/* End PBXFrameworksBuildPhase section */

/* Begin PBXGroup section */
		B346890C192B8BDB006602CD = {
			isa = PBXGroup;
			children = (
				B346891E192B8BDB006602CD /* RooferEstimator */,
				B3468937192B8BDB006602CD /* RooferEstimatorTests */,
				B3468917192B8BDB006602CD /* Frameworks */,
				B3468916192B8BDB006602CD /* Products */,
			);
			sourceTree = "<group>";
		};
		B3468916192B8BDB006602CD /* Products */ = {
			isa = PBXGroup;
			children = (
				B3468915192B8BDB006602CD /* RooferEstimator.app */,
				B3468930192B8BDB006602CD /* RooferEstimatorTests.xctest */,
			);
			name = Products;
			sourceTree = "<group>";
		};
		B3468917192B8BDB006602CD /* Frameworks */ = {
			isa = PBXGroup;
			children = (
				B3468918192B8BDB006602CD /* Foundation.framework */,
				B346891A192B8BDB006602CD /* CoreGraphics.framework */,
				B346891C192B8BDB006602CD /* UIKit.framework */,
				B3468931192B8BDB006602CD /* XCTest.framework */,
			);
			name = Frameworks;
			sourceTree = "<group>";
		};
		B346891E192B8BDB006602CD /* RooferEstimator */ = {
			isa = PBXGroup;
			children = (
				B3468967192B9247006602CD /* XML */,
				B3468949192B8C4E006602CD /* Controller */,
				B346894A192B8C4E006602CD /* Model */,
				B346894B192B8C4E006602CD /* View */,
				B3468927192B8BDB006602CD /* AppDelegate.h */,
				B3468928192B8BDB006602CD /* AppDelegate.m */,
				C80FE2BB192D3EC700121EB0 /* Main.storyboard */,
				B346892A192B8BDB006602CD /* Images.xcassets */,
				B346891F192B8BDB006602CD /* Supporting Files */,
			);
			path = RooferEstimator;
			sourceTree = "<group>";
		};
		B346891F192B8BDB006602CD /* Supporting Files */ = {
			isa = PBXGroup;
			children = (
				B3468920192B8BDB006602CD /* RooferEstimator-Info.plist */,
				B3468921192B8BDB006602CD /* InfoPlist.strings */,
				B3468924192B8BDB006602CD /* main.m */,
				B3468926192B8BDB006602CD /* RooferEstimator-Prefix.pch */,
			);
			name = "Supporting Files";
			sourceTree = "<group>";
		};
		B3468937192B8BDB006602CD /* RooferEstimatorTests */ = {
			isa = PBXGroup;
			children = (
				B346893D192B8BDB006602CD /* RooferEstimatorTests.m */,
				B3468938192B8BDB006602CD /* Supporting Files */,
			);
			path = RooferEstimatorTests;
			sourceTree = "<group>";
		};
		B3468938192B8BDB006602CD /* Supporting Files */ = {
			isa = PBXGroup;
			children = (
				B3468939192B8BDB006602CD /* RooferEstimatorTests-Info.plist */,
				B346893A192B8BDB006602CD /* InfoPlist.strings */,
			);
			name = "Supporting Files";
			sourceTree = "<group>";
		};
		B3468949192B8C4E006602CD /* Controller */ = {
			isa = PBXGroup;
			children = (
				B346894C192B8C95006602CD /* TableViewController.h */,
				B346894D192B8C95006602CD /* TableViewController.m */,
				B346894F192B8D69006602CD /* AddingController.h */,
				B3468950192B8D69006602CD /* AddingController.m */,
				B3468952192B8DF4006602CD /* RoofScopeController.h */,
				B3468953192B8DF4006602CD /* RoofScopeController.m */,
				B3468955192B8EC0006602CD /* SquareFootageController.h */,
				B3468956192B8EC0006602CD /* SquareFootageController.m */,
			);
			path = Controller;
			sourceTree = "<group>";
		};
		B346894A192B8C4E006602CD /* Model */ = {
			isa = PBXGroup;
			children = (
				B3468958192B8F97006602CD /* RoofEstimate.h */,
				B3468959192B8F97006602CD /* RoofEstimate.m */,
				B346895B192B901F006602CD /* RoofMeasurement.h */,
				B346895C192B901F006602CD /* RoofMeasurement.m */,
			);
			path = Model;
			sourceTree = "<group>";
		};
		B346894B192B8C4E006602CD /* View */ = {
			isa = PBXGroup;
			children = (
				B346895E192B907D006602CD /* AddingScrollView.h */,
				B346895F192B907D006602CD /* AddingScrollView.m */,
				B3468961192B910D006602CD /* CustomerCell.h */,
				B3468962192B910D006602CD /* CustomerCell.m */,
				B3468964192B9165006602CD /* RoofDetailScrollView.h */,
				B3468965192B9165006602CD /* RoofDetailScrollView.m */,
			);
			path = View;
			sourceTree = "<group>";
		};
		B3468967192B9247006602CD /* XML */ = {
			isa = PBXGroup;
			children = (
				B3468968192B9339006602CD /* XMLFileOps.h */,
				B3468969192B9339006602CD /* XMLFileOps.m */,
				B346896B192B934E006602CD /* XMLReader.h */,
				B346896C192B934E006602CD /* XMLReader.m */,
				B346896E192B9369006602CD /* XMLSerializable.h */,
				B346896F192B938C006602CD /* XMLStreamWriter.h */,
				B3468970192B93A5006602CD /* XMLWriter.h */,
				B3468971192B93A5006602CD /* XMLWriter.m */,
			);
			path = XML;
			sourceTree = "<group>";
		};
/* End PBXGroup section */

/* Begin PBXNativeTarget section */
		B3468914192B8BDB006602CD /* RooferEstimator */ = {
			isa = PBXNativeTarget;
			buildConfigurationList = B3468941192B8BDB006602CD /* Build configuration list for PBXNativeTarget "RooferEstimator" */;
			buildPhases = (
				B3468911192B8BDB006602CD /* Sources */,
				B3468912192B8BDB006602CD /* Frameworks */,
				B3468913192B8BDB006602CD /* Resources */,
			);
			buildRules = (
			);
			dependencies = (
			);
			name = RooferEstimator;
			productName = RooferEstimator;
			productReference = B3468915192B8BDB006602CD /* RooferEstimator.app */;
			productType = "com.apple.product-type.application";
		};
		B346892F192B8BDB006602CD /* RooferEstimatorTests */ = {
			isa = PBXNativeTarget;
			buildConfigurationList = B3468944192B8BDB006602CD /* Build configuration list for PBXNativeTarget "RooferEstimatorTests" */;
			buildPhases = (
				B346892C192B8BDB006602CD /* Sources */,
				B346892D192B8BDB006602CD /* Frameworks */,
				B346892E192B8BDB006602CD /* Resources */,
			);
			buildRules = (
			);
			dependencies = (
				B3468936192B8BDB006602CD /* PBXTargetDependency */,
			);
			name = RooferEstimatorTests;
			productName = RooferEstimatorTests;
			productReference = B3468930192B8BDB006602CD /* RooferEstimatorTests.xctest */;
			productType = "com.apple.product-type.bundle.unit-test";
		};
/* End PBXNativeTarget section */

/* Begin PBXProject section */
		B346890D192B8BDB006602CD /* Project object */ = {
			isa = PBXProject;
			attributes = {
				LastUpgradeCheck = 0510;
				ORGANIZATIONNAME = NFAS;
				TargetAttributes = {
					B3468914192B8BDB006602CD = {
						DevelopmentTeam = 97SLMB4JTZ;
					};
					B346892F192B8BDB006602CD = {
						TestTargetID = B3468914192B8BDB006602CD;
					};
				};
			};
			buildConfigurationList = B3468910192B8BDB006602CD /* Build configuration list for PBXProject "RooferEstimator" */;
			compatibilityVersion = "Xcode 3.2";
			developmentRegion = English;
			hasScannedForEncodings = 0;
			knownRegions = (
				en,
			);
			mainGroup = B346890C192B8BDB006602CD;
			productRefGroup = B3468916192B8BDB006602CD /* Products */;
			projectDirPath = "";
			projectRoot = "";
			targets = (
				B3468914192B8BDB006602CD /* RooferEstimator */,
				B346892F192B8BDB006602CD /* RooferEstimatorTests */,
			);
		};
/* End PBXProject section */

/* Begin PBXResourcesBuildPhase section */
		B3468913192B8BDB006602CD /* Resources */ = {
			isa = PBXResourcesBuildPhase;
			buildActionMask = 2147483647;
			files = (
				C80FE2BC192D3EC700121EB0 /* Main.storyboard in Resources */,
				B3468923192B8BDB006602CD /* InfoPlist.strings in Resources */,
				B346892B192B8BDB006602CD /* Images.xcassets in Resources */,
			);
			runOnlyForDeploymentPostprocessing = 0;
		};
		B346892E192B8BDB006602CD /* Resources */ = {
			isa = PBXResourcesBuildPhase;
			buildActionMask = 2147483647;
			files = (
				B346893C192B8BDB006602CD /* InfoPlist.strings in Resources */,
			);
			runOnlyForDeploymentPostprocessing = 0;
		};
/* End PBXResourcesBuildPhase section */

/* Begin PBXSourcesBuildPhase section */
		B3468911192B8BDB006602CD /* Sources */ = {
			isa = PBXSourcesBuildPhase;
			buildActionMask = 2147483647;
			files = (
				B3468972192B93A5006602CD /* XMLWriter.m in Sources */,
				B346895D192B901F006602CD /* RoofMeasurement.m in Sources */,
				B3468963192B910D006602CD /* CustomerCell.m in Sources */,
				B346896A192B9339006602CD /* XMLFileOps.m in Sources */,
				B3468951192B8D69006602CD /* AddingController.m in Sources */,
				B346895A192B8F97006602CD /* RoofEstimate.m in Sources */,
				B3468954192B8DF4006602CD /* RoofScopeController.m in Sources */,
				B3468957192B8EC0006602CD /* SquareFootageController.m in Sources */,
				B3468966192B9165006602CD /* RoofDetailScrollView.m in Sources */,
				B346896D192B934E006602CD /* XMLReader.m in Sources */,
				B3468929192B8BDB006602CD /* AppDelegate.m in Sources */,
				B3468960192B907D006602CD /* AddingScrollView.m in Sources */,
				B346894E192B8C95006602CD /* TableViewController.m in Sources */,
				B3468925192B8BDB006602CD /* main.m in Sources */,
			);
			runOnlyForDeploymentPostprocessing = 0;
		};
		B346892C192B8BDB006602CD /* Sources */ = {
			isa = PBXSourcesBuildPhase;
			buildActionMask = 2147483647;
			files = (
				B346893E192B8BDB006602CD /* RooferEstimatorTests.m in Sources */,
			);
			runOnlyForDeploymentPostprocessing = 0;
		};
/* End PBXSourcesBuildPhase section */

/* Begin PBXTargetDependency section */
		B3468936192B8BDB006602CD /* PBXTargetDependency */ = {
			isa = PBXTargetDependency;
			target = B3468914192B8BDB006602CD /* RooferEstimator */;
			targetProxy = B3468935192B8BDB006602CD /* PBXContainerItemProxy */;
		};
/* End PBXTargetDependency section */

/* Begin PBXVariantGroup section */
		B3468921192B8BDB006602CD /* InfoPlist.strings */ = {
			isa = PBXVariantGroup;
			children = (
				B3468922192B8BDB006602CD /* en */,
			);
			name = InfoPlist.strings;
			sourceTree = "<group>";
		};
		B346893A192B8BDB006602CD /* InfoPlist.strings */ = {
			isa = PBXVariantGroup;
			children = (
				B346893B192B8BDB006602CD /* en */,
			);
			name = InfoPlist.strings;
			sourceTree = "<group>";
		};
/* End PBXVariantGroup section */

/* Begin XCBuildConfiguration section */
		B346893F192B8BDB006602CD /* Debug */ = {
			isa = XCBuildConfiguration;
			buildSettings = {
				ALWAYS_SEARCH_USER_PATHS = NO;
				CLANG_CXX_LANGUAGE_STANDARD = "gnu++0x";
				CLANG_CXX_LIBRARY = "libc++";
				CLANG_ENABLE_MODULES = YES;
				CLANG_ENABLE_OBJC_ARC = YES;
				CLANG_WARN_BOOL_CONVERSION = YES;
				CLANG_WARN_CONSTANT_CONVERSION = YES;
				CLANG_WARN_DIRECT_OBJC_ISA_USAGE = YES_ERROR;
				CLANG_WARN_EMPTY_BODY = YES;
				CLANG_WARN_ENUM_CONVERSION = YES;
				CLANG_WARN_INT_CONVERSION = YES;
				CLANG_WARN_OBJC_ROOT_CLASS = YES_ERROR;
				CLANG_WARN__DUPLICATE_METHOD_MATCH = YES;
				"CODE_SIGN_IDENTITY[sdk=iphoneos*]" = "iPhone Developer";
				COPY_PHASE_STRIP = NO;
				GCC_C_LANGUAGE_STANDARD = gnu99;
				GCC_DYNAMIC_NO_PIC = NO;
				GCC_OPTIMIZATION_LEVEL = 0;
				GCC_PREPROCESSOR_DEFINITIONS = (
					"DEBUG=1",
					"$(inherited)",
				);
				GCC_SYMBOLS_PRIVATE_EXTERN = NO;
				GCC_WARN_64_TO_32_BIT_CONVERSION = YES;
				GCC_WARN_ABOUT_RETURN_TYPE = YES_ERROR;
				GCC_WARN_UNDECLARED_SELECTOR = YES;
				GCC_WARN_UNINITIALIZED_AUTOS = YES_AGGRESSIVE;
				GCC_WARN_UNUSED_FUNCTION = YES;
				GCC_WARN_UNUSED_VARIABLE = YES;
				IPHONEOS_DEPLOYMENT_TARGET = 7.1;
				ONLY_ACTIVE_ARCH = YES;
				SDKROOT = iphoneos;
				TARGETED_DEVICE_FAMILY = "1,2";
			};
			name = Debug;
		};
		B3468940192B8BDB006602CD /* Release */ = {
			isa = XCBuildConfiguration;
			buildSettings = {
				ALWAYS_SEARCH_USER_PATHS = NO;
				CLANG_CXX_LANGUAGE_STANDARD = "gnu++0x";
				CLANG_CXX_LIBRARY = "libc++";
				CLANG_ENABLE_MODULES = YES;
				CLANG_ENABLE_OBJC_ARC = YES;
				CLANG_WARN_BOOL_CONVERSION = YES;
				CLANG_WARN_CONSTANT_CONVERSION = YES;
				CLANG_WARN_DIRECT_OBJC_ISA_USAGE = YES_ERROR;
				CLANG_WARN_EMPTY_BODY = YES;
				CLANG_WARN_ENUM_CONVERSION = YES;
				CLANG_WARN_INT_CONVERSION = YES;
				CLANG_WARN_OBJC_ROOT_CLASS = YES_ERROR;
				CLANG_WARN__DUPLICATE_METHOD_MATCH = YES;
				"CODE_SIGN_IDENTITY[sdk=iphoneos*]" = "iPhone Developer";
				COPY_PHASE_STRIP = YES;
				ENABLE_NS_ASSERTIONS = NO;
				GCC_C_LANGUAGE_STANDARD = gnu99;
				GCC_WARN_64_TO_32_BIT_CONVERSION = YES;
				GCC_WARN_ABOUT_RETURN_TYPE = YES_ERROR;
				GCC_WARN_UNDECLARED_SELECTOR = YES;
				GCC_WARN_UNINITIALIZED_AUTOS = YES_AGGRESSIVE;
				GCC_WARN_UNUSED_FUNCTION = YES;
				GCC_WARN_UNUSED_VARIABLE = YES;
				IPHONEOS_DEPLOYMENT_TARGET = 7.1;
				SDKROOT = iphoneos;
				TARGETED_DEVICE_FAMILY = "1,2";
				VALIDATE_PRODUCT = YES;
			};
			name = Release;
		};
		B3468942192B8BDB006602CD /* Debug */ = {
			isa = XCBuildConfiguration;
			buildSettings = {
				ASSETCATALOG_COMPILER_APPICON_NAME = AppIcon;
				ASSETCATALOG_COMPILER_LAUNCHIMAGE_NAME = LaunchImage;
				CODE_SIGN_IDENTITY = "iPhone Developer";
				GCC_PRECOMPILE_PREFIX_HEADER = YES;
				GCC_PREFIX_HEADER = "RooferEstimator/RooferEstimator-Prefix.pch";
				INFOPLIST_FILE = "RooferEstimator/RooferEstimator-Info.plist";
				PRODUCT_NAME = "$(TARGET_NAME)";
				WRAPPER_EXTENSION = app;
			};
			name = Debug;
		};
		B3468943192B8BDB006602CD /* Release */ = {
			isa = XCBuildConfiguration;
			buildSettings = {
				ASSETCATALOG_COMPILER_APPICON_NAME = AppIcon;
				ASSETCATALOG_COMPILER_LAUNCHIMAGE_NAME = LaunchImage;
				CODE_SIGN_IDENTITY = "iPhone Developer";
				GCC_PRECOMPILE_PREFIX_HEADER = YES;
				GCC_PREFIX_HEADER = "RooferEstimator/RooferEstimator-Prefix.pch";
				INFOPLIST_FILE = "RooferEstimator/RooferEstimator-Info.plist";
				PRODUCT_NAME = "$(TARGET_NAME)";
				WRAPPER_EXTENSION = app;
			};
			name = Release;
		};
		B3468945192B8BDB006602CD /* Debug */ = {
			isa = XCBuildConfiguration;
			buildSettings = {
				BUNDLE_LOADER = "$(BUILT_PRODUCTS_DIR)/RooferEstimator.app/RooferEstimator";
				FRAMEWORK_SEARCH_PATHS = (
					"$(SDKROOT)/Developer/Library/Frameworks",
					"$(inherited)",
					"$(DEVELOPER_FRAMEWORKS_DIR)",
				);
				GCC_PRECOMPILE_PREFIX_HEADER = YES;
				GCC_PREFIX_HEADER = "RooferEstimator/RooferEstimator-Prefix.pch";
				GCC_PREPROCESSOR_DEFINITIONS = (
					"DEBUG=1",
					"$(inherited)",
				);
				INFOPLIST_FILE = "RooferEstimatorTests/RooferEstimatorTests-Info.plist";
				PRODUCT_NAME = "$(TARGET_NAME)";
				TEST_HOST = "$(BUNDLE_LOADER)";
				WRAPPER_EXTENSION = xctest;
			};
			name = Debug;
		};
		B3468946192B8BDB006602CD /* Release */ = {
			isa = XCBuildConfiguration;
			buildSettings = {
				BUNDLE_LOADER = "$(BUILT_PRODUCTS_DIR)/RooferEstimator.app/RooferEstimator";
				FRAMEWORK_SEARCH_PATHS = (
					"$(SDKROOT)/Developer/Library/Frameworks",
					"$(inherited)",
					"$(DEVELOPER_FRAMEWORKS_DIR)",
				);
				GCC_PRECOMPILE_PREFIX_HEADER = YES;
				GCC_PREFIX_HEADER = "RooferEstimator/RooferEstimator-Prefix.pch";
				INFOPLIST_FILE = "RooferEstimatorTests/RooferEstimatorTests-Info.plist";
				PRODUCT_NAME = "$(TARGET_NAME)";
				TEST_HOST = "$(BUNDLE_LOADER)";
				WRAPPER_EXTENSION = xctest;
			};
			name = Release;
		};
/* End XCBuildConfiguration section */

/* Begin XCConfigurationList section */
		B3468910192B8BDB006602CD /* Build configuration list for PBXProject "RooferEstimator" */ = {
			isa = XCConfigurationList;
			buildConfigurations = (
				B346893F192B8BDB006602CD /* Debug */,
				B3468940192B8BDB006602CD /* Release */,
			);
			defaultConfigurationIsVisible = 0;
			defaultConfigurationName = Release;
		};
		B3468941192B8BDB006602CD /* Build configuration list for PBXNativeTarget "RooferEstimator" */ = {
			isa = XCConfigurationList;
			buildConfigurations = (
				B3468942192B8BDB006602CD /* Debug */,
				B3468943192B8BDB006602CD /* Release */,
			);
			defaultConfigurationIsVisible = 0;
			defaultConfigurationName = Release;
		};
		B3468944192B8BDB006602CD /* Build configuration list for PBXNativeTarget "RooferEstimatorTests" */ = {
			isa = XCConfigurationList;
			buildConfigurations = (
				B3468945192B8BDB006602CD /* Debug */,
				B3468946192B8BDB006602CD /* Release */,
			);
			defaultConfigurationIsVisible = 0;
			defaultConfigurationName = Release;
		};
/* End XCConfigurationList section */
	};
	rootObject = B346890D192B8BDB006602CD /* Project object */;
}
